
Microsoft Visual Studio Solution File, Format Version 12.00
# Visual Studio Version 16
VisualStudioVersion = 16.0.29806.167
MinimumVisualStudioVersion = 10.0.40219.1
Project("{FAE04EC0-301F-11D3-BF4B-00C04F79EFBC}") = "PROYECTO", "PROYECTO\PROYECTO.csproj", "{EBFE5438-2D92-4689-9EE5-E00BD2A35BCC}"
EndProject
Project("{FAE04EC0-301F-11D3-BF4B-00C04F79EFBC}") = "Entidades", "Entidades\Entidades.csproj", "{ED4DDE9D-3111-46A3-9610-4BF70B6D0A23}"
EndProject
Project("{FAE04EC0-301F-11D3-BF4B-00C04F79EFBC}") = "PROYECTO_DAO", "PROYECTO_DAO\PROYECTO_DAO.csproj", "{AEDEBDBC-09F5-46C3-A31E-F527DB3E0DDE}"
EndProject
Global
	GlobalSection(SolutionConfigurationPlatforms) = preSolution
		Debug|Any CPU = Debug|Any CPU
		Release|Any CPU = Release|Any CPU
	EndGlobalSection
	GlobalSection(ProjectConfigurationPlatforms) = postSolution
		{EBFE5438-2D92-4689-9EE5-E00BD2A35BCC}.Debug|Any CPU.ActiveCfg = Debug|Any CPU
		{EBFE5438-2D92-4689-9EE5-E00BD2A35BCC}.Debug|Any CPU.Build.0 = Debug|Any CPU
		{EBFE5438-2D92-4689-9EE5-E00BD2A35BCC}.Release|Any CPU.ActiveCfg = Release|Any CPU
		{EBFE5438-2D92-4689-9EE5-E00BD2A35BCC}.Release|Any CPU.Build.0 = Release|Any CPU
		{ED4DDE9D-3111-46A3-9610-4BF70B6D0A23}.Debug|Any CPU.ActiveCfg = Debug|Any CPU
		{ED4DDE9D-3111-46A3-9610-4BF70B6D0A23}.Debug|Any CPU.Build.0 = Debug|Any CPU
		{ED4DDE9D-3111-46A3-9610-4BF70B6D0A23}.Release|Any CPU.ActiveCfg = Release|Any CPU
		{ED4DDE9D-3111-46A3-9610-4BF70B6D0A23}.Release|Any CPU.Build.0 = Release|Any CPU
		{AEDEBDBC-09F5-46C3-A31E-F527DB3E0DDE}.Debug|Any CPU.ActiveCfg = Debug|Any CPU
		{AEDEBDBC-09F5-46C3-A31E-F527DB3E0DDE}.Debug|Any CPU.Build.0 = Debug|Any CPU
		{AEDEBDBC-09F5-46C3-A31E-F527DB3E0DDE}.Release|Any CPU.ActiveCfg = Release|Any CPU
		{AEDEBDBC-09F5-46C3-A31E-F527DB3E0DDE}.Release|Any CPU.Build.0 = Release|Any CPU
	EndGlobalSection
	GlobalSection(SolutionProperties) = preSolution
		HideSolutionNode = FALSE
	EndGlobalSection
	GlobalSection(ExtensibilityGlobals) = postSolution
		SolutionGuid = {0305EE63-D26F-426B-913C-0EFDD366F7F4}
	EndGlobalSection
EndGlobal
